# This file is automatically @generated by Cargo.
# It is not intended for manual editing.
version = 4

[[package]]
name = "aho-corasick"
version = "1.1.4"
source = "registry+https://github.com/rust-lang/crates.io-index"
checksum = "ddd31a130427c27518df266943a5308ed92d4b226cc639f5a8f1002816174301"
dependencies = [
 "memchr",
]

[[package]]
name = "async-trait"
version = "0.1.89"
source = "registry+https://github.com/rust-lang/crates.io-index"
checksum = "9035ad2d096bed7955a320ee7e2230574d28fd3c3a0f186cbea1ff3c7eed5dbb"
dependencies = [
 "proc-macro2",
 "quote",
 "syn",
]

[[package]]
name = "bytecount"
version = "0.6.9"
source = "registry+https://github.com/rust-lang/crates.io-index"
checksum = "175812e0be2bccb6abe50bb8d566126198344f707e304f45c648fd8f2cc0365e"

[[package]]
name = "bytes"
version = "1.11.1"
source = "registry+https://github.com/rust-lang/crates.io-index"
checksum = "1e748733b7cbc798e1434b6ac524f0c1ff2ab456fe201501e6497c8417a4fc33"

[[package]]
name = "cargo_toml"
version = "0.22.3"
source = "registry+https://github.com/rust-lang/crates.io-index"
checksum = "374b7c592d9c00c1f4972ea58390ac6b18cbb6ab79011f3bdc90a0b82ca06b77"
dependencies = [
 "serde",
 "toml 0.9.12+spec-1.1.0",
]

[[package]]
name = "cfg-if"
version = "1.0.4"
source = "registry+https://github.com/rust-lang/crates.io-index"
checksum = "9330f8b2ff13f34540b44e946ef35111825727b38d33286ef986142615121801"

[[package]]
name = "countme"
version = "3.0.1"
source = "registry+https://github.com/rust-lang/crates.io-index"
checksum = "7704b5fdd17b18ae31c4c1da5a2e0305a2bf17b5249300a9ee9ed7b72114c636"

[[package]]
name = "equivalent"
version = "1.0.2"
source = "registry+https://github.com/rust-lang/crates.io-index"
checksum = "877a4ace8713b0bcf2a4e7eec82529c029f1d0619886d18145fea96c3ffe5c0f"

[[package]]
name = "futures-core"
version = "0.3.32"
source = "registry+https://github.com/rust-lang/crates.io-index"
checksum = "7e3450815272ef58cec6d564423f6e755e25379b217b0bc688e295ba24df6b1d"

[[package]]
name = "futures-executor"
version = "0.3.32"
source = "registry+https://github.com/rust-lang/crates.io-index"
checksum = "baf29c38818342a3b26b5b923639e7b1f4a61fc5e76102d4b1981c6dc7a7579d"
dependencies = [
 "futures-core",
 "futures-task",
 "futures-util",
]

[[package]]
name = "futures-macro"
version = "0.3.32"
source = "registry+https://github.com/rust-lang/crates.io-index"
checksum = "e835b70203e41293343137df5c0664546da5745f82ec9b84d40be8336958447b"
dependencies = [
 "proc-macro2",
 "quote",
 "syn",
]

[[package]]
name = "futures-sink"
version = "0.3.32"
source = "registry+https://github.com/rust-lang/crates.io-index"
checksum = "c39754e157331b013978ec91992bde1ac089843443c49cbc7f46150b0fad0893"

[[package]]
name = "futures-task"
version = "0.3.32"
source = "registry+https://github.com/rust-lang/crates.io-index"
checksum = "037711b3d59c33004d3856fbdc83b99d4ff37a24768fa1be9ce3538a1cde4393"

[[package]]
name = "futures-util"
version = "0.3.32"
source = "registry+https://github.com/rust-lang/crates.io-index"
checksum = "389ca41296e6190b48053de0321d02a77f32f8a5d2461dd38762c0593805c6d6"
dependencies = [
 "futures-core",
 "futures-macro",
 "futures-task",
 "pin-project-lite",
 "slab",
]

[[package]]
name = "hashbrown"
version = "0.14.5"
source = "registry+https://github.com/rust-lang/crates.io-index"
checksum = "e5274423e17b7c9fc20b6e7e208532f9b19825d82dfd615708b70edd83df41f1"

[[package]]
name = "hashbrown"
version = "0.17.1"
source = "registry+https://github.com/rust-lang/crates.io-index"
checksum = "ed5909b6e89a2db4456e54cd5f673791d7eca6732202bbf2a9cc504fe2f9b84a"

[[package]]
name = "indexmap"
version = "2.14.0"
source = "registry+https://github.com/rust-lang/crates.io-index"
checksum = "d466e9454f08e4a911e14806c24e16fba1b4c121d1ea474396f396069cf949d9"
dependencies = [
 "equivalent",
 "hashbrown 0.17.1",
]

[[package]]
name = "itoa"
version = "1.0.18"
source = "registry+https://github.com/rust-lang/crates.io-index"
checksum = "8f42a60cbdf9a97f5d2305f08a87dc4e09308d1276d28c869c684d7777685682"

[[package]]
name = "jetscii"
version = "0.5.3"
source = "registry+https://github.com/rust-lang/crates.io-index"
checksum = "47f142fe24a9c9944451e8349de0a56af5f3e7226dc46f3ed4d4ecc0b85af75e"

[[package]]
name = "marlin-agent-core"
version = "0.1.0"
dependencies = [
 "marlin-agent-environment",
 "marlin-agent-harness",
 "marlin-agent-hooks",
 "marlin-agent-kernel",
 "marlin-agent-protocol",
 "marlin-agent-runtime",
 "marlin-gerbil-ir",
 "marlin-org-model",
 "marlin-org-patch",
 "marlin-org-store",
 "marlin-org-workflow",
 "marlin-org-workspace",
 "marlin-workspace-protocol",
 "rust-lang-project-harness 0.1.0 (git+https://github.com/tao3k/rust-lang-project-harness?branch=main)",
 "tokio",
 "tokio-stream",
]

[[package]]
name = "marlin-agent-environment"
version = "0.1.0"
dependencies = [
 "marlin-agent-protocol",
 "rust-lang-project-harness 0.1.0 (git+https://github.com/tao3k/rust-lang-project-harness?branch=main)",
 "thiserror",
]

[[package]]
name = "marlin-agent-harness"
version = "0.1.0"
dependencies = [
 "marlin-agent-hooks",
 "marlin-agent-kernel",
 "marlin-agent-protocol",
 "marlin-agent-runtime",
 "rust-lang-project-harness 0.1.0 (git+https://github.com/tao3k/rust-lang-project-harness?branch=main)",
 "tokio",
 "tokio-stream",
 "tracing",
]

[[package]]
name = "marlin-agent-hooks"
version = "0.1.0"
dependencies = [
 "marlin-agent-protocol",
 "marlin-agent-runtime",
 "rust-lang-project-harness 0.1.0 (git+https://github.com/tao3k/rust-lang-project-harness?branch=main)",
 "tokio",
 "tracing",
]

[[package]]
name = "marlin-agent-kernel"
version = "0.1.0"
dependencies = [
 "marlin-agent-hooks",
 "marlin-agent-protocol",
 "marlin-agent-runtime",
 "rust-lang-project-harness 0.1.0 (git+https://github.com/tao3k/rust-lang-project-harness?branch=main)",
 "tokio",
 "tokio-stream",
 "tracing",
]

[[package]]
name = "marlin-agent-protocol"
version = "0.1.0"
dependencies = [
 "marlin-gerbil-ir",
 "rust-lang-project-harness 0.1.0 (git+https://github.com/tao3k/rust-lang-project-harness?branch=main)",
 "serde",
 "serde_json",
]

[[package]]
name = "marlin-agent-runtime"
version = "0.1.0"
dependencies = [
 "marlin-agent-protocol",
 "rust-lang-project-harness 0.1.0 (git+https://github.com/tao3k/rust-lang-project-harness?branch=main)",
 "tokio",
 "tokio-stream",
 "tokio-util",
 "tracing",
]

[[package]]
name = "marlin-gerbil-ir"
version = "0.1.0"
dependencies = [
 "marlin-workspace-patch",
 "marlin-workspace-view",
 "rust-lang-project-harness 0.1.0 (git+https://github.com/tao3k/rust-lang-project-harness?branch=main)",
 "serde",
]

[[package]]
name = "marlin-gerbil-scheme"
version = "0.1.0"
dependencies = [
 "marlin-agent-protocol",
 "marlin-gerbil-ir",
 "marlin-org-model",
 "marlin-org-store",
 "marlin-org-workflow",
 "marlin-workspace-patch",
 "rust-lang-project-harness 0.1.0 (git+https://github.com/tao3k/rust-lang-project-harness?branch=main)",
 "serde",
 "serde_json",
]

[[package]]
name = "marlin-org-memory"
version = "0.1.0"
dependencies = [
 "async-trait",
 "futures-executor",
 "marlin-org-model",
 "marlin-org-workspace",
 "marlin-workspace-patch",
 "marlin-workspace-protocol",
 "marlin-workspace-query",
 "marlin-workspace-status",
 "marlin-workspace-view",
 "rust-lang-project-harness 0.1.0 (git+https://github.com/tao3k/rust-lang-project-harness?branch=main)",
]

[[package]]
name = "marlin-org-model"
version = "0.1.0"
dependencies = [
 "rust-lang-project-harness 0.1.0 (git+https://github.com/tao3k/rust-lang-project-harness?branch=main)",
 "serde",
]

[[package]]
name = "marlin-org-patch"
version = "0.1.0"
dependencies = [
 "marlin-org-model",
 "marlin-workspace-patch",
 "rust-lang-project-harness 0.1.0 (git+https://github.com/tao3k/rust-lang-project-harness?branch=main)",
 "serde",
]

[[package]]
name = "marlin-org-store"
version = "0.1.0"
dependencies = [
 "marlin-org-model",
 "marlin-org-patch",
 "marlin-workspace-patch",
 "rust-lang-project-harness 0.1.0 (git+https://github.com/tao3k/rust-lang-project-harness?branch=main)",
 "serde",
]

[[package]]
name = "marlin-org-workflow"
version = "0.1.0"
dependencies = [
 "marlin-gerbil-ir",
 "marlin-org-model",
 "marlin-org-patch",
 "marlin-org-store",
 "marlin-org-workspace",
 "marlin-workspace-patch",
 "rust-lang-project-harness 0.1.0 (git+https://github.com/tao3k/rust-lang-project-harness?branch=main)",
 "serde",
]

[[package]]
name = "marlin-org-workspace"
version = "0.1.0"
dependencies = [
 "marlin-org-model",
 "marlin-workspace-protocol",
 "orgize",
 "rust-lang-project-harness 0.1.0 (git+https://github.com/tao3k/rust-lang-project-harness?branch=main)",
]

[[package]]
name = "marlin-workspace-patch"
version = "0.1.0"
dependencies = [
 "marlin-org-model",
 "rust-lang-project-harness 0.1.0 (git+https://github.com/tao3k/rust-lang-project-harness?branch=main)",
 "serde",
]

[[package]]
name = "marlin-workspace-protocol"
version = "0.1.0"
dependencies = [
 "async-trait",
 "marlin-org-model",
 "marlin-org-patch",
 "marlin-workspace-patch",
 "marlin-workspace-query",
 "marlin-workspace-status",
 "marlin-workspace-view",
 "rust-lang-project-harness 0.1.0 (git+https://github.com/tao3k/rust-lang-project-harness?branch=main)",
 "serde",
 "thiserror",
]

[[package]]
name = "marlin-workspace-query"
version = "0.1.0"
dependencies = [
 "marlin-org-model",
 "rust-lang-project-harness 0.1.0 (git+https://github.com/tao3k/rust-lang-project-harness?branch=main)",
 "serde",
]

[[package]]
name = "marlin-workspace-status"
version = "0.1.0"
dependencies = [
 "marlin-org-model",
 "rust-lang-project-harness 0.1.0 (git+https://github.com/tao3k/rust-lang-project-harness?branch=main)",
 "serde",
]

[[package]]
name = "marlin-workspace-view"
version = "0.1.0"
dependencies = [
 "marlin-org-model",
 "rust-lang-project-harness 0.1.0 (git+https://github.com/tao3k/rust-lang-project-harness?branch=main)",
 "serde",
]

[[package]]
name = "memchr"
version = "2.8.1"
source = "registry+https://github.com/rust-lang/crates.io-index"
checksum = "6b947ae49db0d222b1dbc6b113ce7248a3fc3a6ca21b696717bfc000ba4484d8"

[[package]]
name = "nom"
version = "8.0.0"
source = "registry+https://github.com/rust-lang/crates.io-index"
checksum = "df9761775871bdef83bee530e60050f7e54b1105350d6884eb0fb4f46c2f9405"
dependencies = [
 "memchr",
]

[[package]]
name = "once_cell"
version = "1.21.4"
source = "registry+https://github.com/rust-lang/crates.io-index"
checksum = "9f7c3e4beb33f85d45ae3e3a1792185706c8e16d043238c593331cc7cd313b50"

[[package]]
name = "orgize"
version = "0.10.0-alpha.10"
source = "git+https://github.com/tao3k/orgize?branch=main#14c99071283c9a09f0bd58ecd7dc61f17d634f12"
dependencies = [
 "bytecount",
 "cfg-if",
 "jetscii",
 "memchr",
 "nom",
 "rowan",
 "rust-lang-project-harness 0.1.0 (git+https://github.com/tao3k/rust-lang-project-harness?rev=7ea58b53da8ec18b07fb89dc7517ae81c9757030)",
 "serde_json",
]

[[package]]
name = "pin-project-lite"
version = "0.2.17"
source = "registry+https://github.com/rust-lang/crates.io-index"
checksum = "a89322df9ebe1c1578d689c92318e070967d1042b512afbe49518723f4e6d5cd"

[[package]]
name = "proc-macro2"
version = "1.0.106"
source = "registry+https://github.com/rust-lang/crates.io-index"
checksum = "8fd00f0bb2e90d81d1044c2b32617f68fcb9fa3bb7640c23e9c748e53fb30934"
dependencies = [
 "unicode-ident",
]

[[package]]
name = "quote"
version = "1.0.45"
source = "registry+https://github.com/rust-lang/crates.io-index"
checksum = "41f2619966050689382d2b44f664f4bc593e129785a36d6ee376ddf37259b924"
dependencies = [
 "proc-macro2",
]

[[package]]
name = "regex"
version = "1.12.4"
source = "registry+https://github.com/rust-lang/crates.io-index"
checksum = "f1292b7759ae1cb9ec195452d1390a074f0cd8541ab7a5a8c31cd6db45d4a6ba"
dependencies = [
 "aho-corasick",
 "memchr",
 "regex-automata",
 "regex-syntax",
]

[[package]]
name = "regex-automata"
version = "0.4.14"
source = "registry+https://github.com/rust-lang/crates.io-index"
checksum = "6e1dd4122fc1595e8162618945476892eefca7b88c52820e74af6262213cae8f"
dependencies = [
 "aho-corasick",
 "memchr",
 "regex-syntax",
]

[[package]]
name = "regex-syntax"
version = "0.8.11"
source = "registry+https://github.com/rust-lang/crates.io-index"
checksum = "d6f6ff9a378485b298a5286656da665ba74413d36db0979633275d2e708145d4"

[[package]]
name = "rowan"
version = "0.16.1"
source = "registry+https://github.com/rust-lang/crates.io-index"
checksum = "417a3a9f582e349834051b8a10c8d71ca88da4211e4093528e36b9845f6b5f21"
dependencies = [
 "countme",
 "hashbrown 0.14.5",
 "rustc-hash",
 "text-size",
]

[[package]]
name = "rust-lang-project-harness"
version = "0.1.0"
source = "git+https://github.com/tao3k/rust-lang-project-harness?branch=main#7ea58b53da8ec18b07fb89dc7517ae81c9757030"
dependencies = [
 "cargo_toml",
 "proc-macro2",
 "quote",
 "regex",
 "serde",
 "serde_json",
 "syn",
 "toml 1.1.2+spec-1.1.0",
]

[[package]]
name = "rust-lang-project-harness"
version = "0.1.0"
source = "git+https://github.com/tao3k/rust-lang-project-harness?rev=7ea58b53da8ec18b07fb89dc7517ae81c9757030#7ea58b53da8ec18b07fb89dc7517ae81c9757030"
dependencies = [
 "cargo_toml",
 "proc-macro2",
 "quote",
 "regex",
 "serde",
 "serde_json",
 "syn",
 "toml 1.1.2+spec-1.1.0",
]

[[package]]
name = "rustc-hash"
version = "1.1.0"
source = "registry+https://github.com/rust-lang/crates.io-index"
checksum = "08d43f7aa6b08d49f382cde6a7982047c3426db949b1424bc4b7ec9ae12c6ce2"

[[package]]
name = "serde"
version = "1.0.228"
source = "registry+https://github.com/rust-lang/crates.io-index"
checksum = "9a8e94ea7f378bd32cbbd37198a4a91436180c5bb472411e48b5ec2e2124ae9e"
dependencies = [
 "serde_core",
 "serde_derive",
]

[[package]]
name = "serde_core"
version = "1.0.228"
source = "registry+https://github.com/rust-lang/crates.io-index"
checksum = "41d385c7d4ca58e59fc732af25c3983b67ac852c1a25000afe1175de458b67ad"
dependencies = [
 "serde_derive",
]

[[package]]
name = "serde_derive"
version = "1.0.228"
source = "registry+https://github.com/rust-lang/crates.io-index"
checksum = "d540f220d3187173da220f885ab66608367b6574e925011a9353e4badda91d79"
dependencies = [
 "proc-macro2",
 "quote",
 "syn",
]

[[package]]
name = "serde_json"
version = "1.0.150"
source = "registry+https://github.com/rust-lang/crates.io-index"
checksum = "e8014e44b4736ed0538adeecded0fce2a272f22dc9578a7eb6b2d9993c74cfb9"
dependencies = [
 "itoa",
 "memchr",
 "serde",
 "serde_core",
 "zmij",
]

[[package]]
name = "serde_spanned"
version = "1.1.1"
source = "registry+https://github.com/rust-lang/crates.io-index"
checksum = "6662b5879511e06e8999a8a235d848113e942c9124f211511b16466ee2995f26"
dependencies = [
 "serde_core",
]

[[package]]
name = "slab"
version = "0.4.12"
source = "registry+https://github.com/rust-lang/crates.io-index"
checksum = "0c790de23124f9ab44544d7ac05d60440adc586479ce501c1d6d7da3cd8c9cf5"

[[package]]
name = "syn"
version = "2.0.117"
source = "registry+https://github.com/rust-lang/crates.io-index"
checksum = "e665b8803e7b1d2a727f4023456bbbbe74da67099c585258af0ad9c5013b9b99"
dependencies = [
 "proc-macro2",
 "quote",
 "unicode-ident",
]

[[package]]
name = "text-size"
version = "1.1.1"
source = "registry+https://github.com/rust-lang/crates.io-index"
checksum = "f18aa187839b2bdb1ad2fa35ead8c4c2976b64e4363c386d45ac0f7ee85c9233"

[[package]]
name = "thiserror"
version = "2.0.18"
source = "registry+https://github.com/rust-lang/crates.io-index"
checksum = "4288b5bcbc7920c07a1149a35cf9590a2aa808e0bc1eafaade0b80947865fbc4"
dependencies = [
 "thiserror-impl",
]

[[package]]
name = "thiserror-impl"
version = "2.0.18"
source = "registry+https://github.com/rust-lang/crates.io-index"
checksum = "ebc4ee7f67670e9b64d05fa4253e753e016c6c95ff35b89b7941d6b856dec1d5"
dependencies = [
 "proc-macro2",
 "quote",
 "syn",
]

[[package]]
name = "tokio"
version = "1.52.3"
source = "registry+https://github.com/rust-lang/crates.io-index"
checksum = "8fc7f01b389ac15039e4dc9531aa973a135d7a4135281b12d7c1bc79fd57fffe"
dependencies = [
 "pin-project-lite",
 "tokio-macros",
]

[[package]]
name = "tokio-macros"
version = "2.7.0"
source = "registry+https://github.com/rust-lang/crates.io-index"
checksum = "385a6cb71ab9ab790c5fe8d67f1645e6c450a7ce006a33de03daa956cf70a496"
dependencies = [
 "proc-macro2",
 "quote",
 "syn",
]

[[package]]
name = "tokio-stream"
version = "0.1.18"
source = "registry+https://github.com/rust-lang/crates.io-index"
checksum = "32da49809aab5c3bc678af03902d4ccddea2a87d028d86392a4b1560c6906c70"
dependencies = [
 "futures-core",
 "pin-project-lite",
 "tokio",
]

[[package]]
name = "tokio-util"
version = "0.7.18"
source = "registry+https://github.com/rust-lang/crates.io-index"
checksum = "9ae9cec805b01e8fc3fd2fe289f89149a9b66dd16786abd8b19cfa7b48cb0098"
dependencies = [
 "bytes",
 "futures-core",
 "futures-sink",
 "futures-util",
 "pin-project-lite",
 "tokio",
]

[[package]]
name = "toml"
version = "0.9.12+spec-1.1.0"
source = "registry+https://github.com/rust-lang/crates.io-index"
checksum = "cf92845e79fc2e2def6a5d828f0801e29a2f8acc037becc5ab08595c7d5e9863"
dependencies = [
 "indexmap",
 "serde_core",
 "serde_spanned",
 "toml_datetime 0.7.5+spec-1.1.0",
 "toml_parser",
 "toml_writer",
 "winnow 0.7.15",
]

[[package]]
name = "toml"
version = "1.1.2+spec-1.1.0"
source = "registry+https://github.com/rust-lang/crates.io-index"
checksum = "81f3d15e84cbcd896376e6730314d59fb5a87f31e4b038454184435cd57defee"
dependencies = [
 "indexmap",
 "serde_core",
 "serde_spanned",
 "toml_datetime 1.1.1+spec-1.1.0",
 "toml_parser",
 "toml_writer",
 "winnow 1.0.3",
]

[[package]]
name = "toml_datetime"
version = "0.7.5+spec-1.1.0"
source = "registry+https://github.com/rust-lang/crates.io-index"
checksum = "92e1cfed4a3038bc5a127e35a2d360f145e1f4b971b551a2ba5fd7aedf7e1347"
dependencies = [
 "serde_core",
]

[[package]]
name = "toml_datetime"
version = "1.1.1+spec-1.1.0"
source = "registry+https://github.com/rust-lang/crates.io-index"
checksum = "3165f65f62e28e0115a00b2ebdd37eb6f3b641855f9d636d3cd4103767159ad7"
dependencies = [
 "serde_core",
]

[[package]]
name = "toml_parser"
version = "1.1.2+spec-1.1.0"
source = "registry+https://github.com/rust-lang/crates.io-index"
checksum = "a2abe9b86193656635d2411dc43050282ca48aa31c2451210f4202550afb7526"
dependencies = [
 "winnow 1.0.3",
]

[[package]]
name = "toml_writer"
version = "1.1.1+spec-1.1.0"
source = "registry+https://github.com/rust-lang/crates.io-index"
checksum = "756daf9b1013ebe47a8776667b466417e2d4c5679d441c26230efd9ef78692db"

[[package]]
name = "tracing"
version = "0.1.44"
source = "registry+https://github.com/rust-lang/crates.io-index"
checksum = "63e71662fa4b2a2c3a26f570f037eb95bb1f85397f3cd8076caed2f026a6d100"
dependencies = [
 "pin-project-lite",
 "tracing-attributes",
 "tracing-core",
]

[[package]]
name = "tracing-attributes"
version = "0.1.31"
source = "registry+https://github.com/rust-lang/crates.io-index"
checksum = "7490cfa5ec963746568740651ac6781f701c9c5ea257c58e057f3ba8cf69e8da"
dependencies = [
 "proc-macro2",
 "quote",
 "syn",
]

[[package]]
name = "tracing-core"
version = "0.1.36"
source = "registry+https://github.com/rust-lang/crates.io-index"
checksum = "db97caf9d906fbde555dd62fa95ddba9eecfd14cb388e4f491a66d74cd5fb79a"
dependencies = [
 "once_cell",
]

[[package]]
name = "unicode-ident"
version = "1.0.24"
source = "registry+https://github.com/rust-lang/crates.io-index"
checksum = "e6e4313cd5fcd3dad5cafa179702e2b244f760991f45397d14d4ebf38247da75"

[[package]]
name = "winnow"
version = "0.7.15"
source = "registry+https://github.com/rust-lang/crates.io-index"
checksum = "df79d97927682d2fd8adb29682d1140b343be4ac0f08fd68b7765d9c059d3945"

[[package]]
name = "winnow"
version = "1.0.3"
source = "registry+https://github.com/rust-lang/crates.io-index"
checksum = "0592e1c9d151f854e6fd382574c3a0855250e1d9b2f99d9281c6e6391af352f1"

[[package]]
name = "zmij"
version = "1.0.21"
source = "registry+https://github.com/rust-lang/crates.io-index"
checksum = "b8848ee67ecc8aedbaf3e4122217aff892639231befc6a1b58d29fff4c2cabaa"
